Microsoft Visual Studio Solution File, Format Version 12.00
# Visual Studio Version 17
VisualStudioVersion = 17.0.31903.59
MinimumVisualStudioVersion = 10.0.40219.1
Project("{9A19103F-16F7-4668-BE54-9A1E7A4F7556}") = "AndreyTalanin0x00.AspNetCore.SpaServices", "AndreyTalanin0x00.AspNetCore.SpaServices\AndreyTalanin0x00.AspNetCore.SpaServices.csproj", "{94DA24B3-7553-42BF-A227-44FF96BDB65B}"
EndProject
Project("{9A19103F-16F7-4668-BE54-9A1E7A4F7556}") = "AndreyTalanin0x00.AspNetCore.SpaServices.Abstractions", "AndreyTalanin0x00.AspNetCore.SpaServices.Abstractions\AndreyTalanin0x00.AspNetCore.SpaServices.Abstractions.csproj", "{4931F4DB-CD8A-453F-A3D9-14FEA70CCEDD}"
EndProject
Project("{9A19103F-16F7-4668-BE54-9A1E7A4F7556}") = "AndreyTalanin0x00.AspNetCore.SpaServices.UnitTests", "Tests\AndreyTalanin0x00.AspNetCore.SpaServices.UnitTests\AndreyTalanin0x00.AspNetCore.SpaServices.UnitTests.csproj", "{0A81BE8D-0A07-417E-AD92-185463E69E18}"
EndProject
Global
	GlobalSection(SolutionConfigurationPlatforms) = preSolution
		Debug|Any CPU = Debug|Any CPU
		Release|Any CPU = Release|Any CPU
	EndGlobalSection
	GlobalSection(ProjectConfigurationPlatforms) = postSolution
		{94DA24B3-7553-42BF-A227-44FF96BDB65B}.Debug|Any CPU.ActiveCfg = Debug|Any CPU
		{94DA24B3-7553-42BF-A227-44FF96BDB65B}.Debug|Any CPU.Build.0 = Debug|Any CPU
		{94DA24B3-7553-42BF-A227-44FF96BDB65B}.Release|Any CPU.ActiveCfg = Release|Any CPU
		{94DA24B3-7553-42BF-A227-44FF96BDB65B}.Release|Any CPU.Build.0 = Release|Any CPU
		{4931F4DB-CD8A-453F-A3D9-14FEA70CCEDD}.Debug|Any CPU.ActiveCfg = Debug|Any CPU
		{4931F4DB-CD8A-453F-A3D9-14FEA70CCEDD}.Debug|Any CPU.Build.0 = Debug|Any CPU
		{4931F4DB-CD8A-453F-A3D9-14FEA70CCEDD}.Release|Any CPU.ActiveCfg = Release|Any CPU
		{4931F4DB-CD8A-453F-A3D9-14FEA70CCEDD}.Release|Any CPU.Build.0 = Release|Any CPU
		{0A81BE8D-0A07-417E-AD92-185463E69E18}.Debug|Any CPU.ActiveCfg = Debug|Any CPU
		{0A81BE8D-0A07-417E-AD92-185463E69E18}.Debug|Any CPU.Build.0 = Debug|Any CPU
		{0A81BE8D-0A07-417E-AD92-185463E69E18}.Release|Any CPU.ActiveCfg = Release|Any CPU
		{0A81BE8D-0A07-417E-AD92-185463E69E18}.Release|Any CPU.Build.0 = Release|Any CPU
	EndGlobalSection
	GlobalSection(SolutionProperties) = preSolution
		HideSolutionNode = FALSE
	EndGlobalSection
	GlobalSection(ExtensibilityGlobals) = postSolution
		SolutionGuid = {5BB3CEBB-5DA9-4DFF-973B-819187089F54}
	EndGlobalSection
EndGlobal
